Microsoft Visual Studio Solution File, Format Version 12.00
# Visual Studio Version 17
VisualStudioVersion = 17.5.2.0
MinimumVisualStudioVersion = 10.0.40219.1
Project("{FAE04EC0-301F-11D3-BF4B-00C04F79EFBC}") = "BeaverStream", "BeaverStream.csproj", "{19B4B43D-C6F3-905D-AD23-175618CD4240}"
EndProject
Global
	GlobalSection(SolutionConfigurationPlatforms) = preSolution
		Debug|Any CPU = Debug|Any CPU
		Release|Any CPU = Release|Any CPU
	EndGlobalSection
	GlobalSection(ProjectConfigurationPlatforms) = postSolution
		{19B4B43D-C6F3-905D-AD23-175618CD4240}.Debug|Any CPU.ActiveCfg = Debug|Any CPU
		{19B4B43D-C6F3-905D-AD23-175618CD4240}.Debug|Any CPU.Build.0 = Debug|Any CPU
		{19B4B43D-C6F3-905D-AD23-175618CD4240}.Release|Any CPU.ActiveCfg = Release|Any CPU
		{19B4B43D-C6F3-905D-AD23-175618CD4240}.Release|Any CPU.Build.0 = Release|Any CPU
	EndGlobalSection
	GlobalSection(SolutionProperties) = preSolution
		HideSolutionNode = FALSE
	EndGlobalSection
	GlobalSection(ExtensibilityGlobals) = postSolution
		SolutionGuid = {B956CD88-40B4-4836-B8CE-1D080E47B338}
	EndGlobalSection
EndGlobal
